// !$*UTF8*$!
{
	archiveVersion = 1;
	classes = {
	};
	objectVersion = 77;
	objects = {

/* Begin PBXBuildFile section */
		5E8BB84D2DEA3E49006BDFF3 /* Injector in Frameworks */ = {isa = PBXBuildFile; productRef = 5E8BB84C2DEA3E49006BDFF3 /* Injector */; };
		5E8BB8552DEA3E9D006BDFF3 /* Injector in Frameworks */ = {isa = PBXBuildFile; productRef = 5E8BB8542DEA3E9D006BDFF3 /* Injector */; };
		5E8BB8582DEA3F8A006BDFF3 /* Injector in Frameworks */ = {isa = PBXBuildFile; productRef = 5E8BB8572DEA3F8A006BDFF3 /* Injector */; };
		5E8BB85B2DEA3F9A006BDFF3 /* NetworkService in Frameworks */ = {isa = PBXBuildFile; productRef = 5E8BB85A2DEA3F9A006BDFF3 /* NetworkService */; };
		5E8D31892DE8AEE700B37CA8 /* Kingfisher in Frameworks */ = {isa = PBXBuildFile; productRef = 5E8D31882DE8AEE700B37CA8 /* Kingfisher */; };
/* End PBXBuildFile section */

/* Begin PBXContainerItemProxy section */
		5E8D31242DE8893D00B37CA8 /* PBXContainerItemProxy */ = {
			isa = PBXContainerItemProxy;
			containerPortal = 5E8D310E2DE8893C00B37CA8 /* Project object */;
			proxyType = 1;
			remoteGlobalIDString = 5E8D31152DE8893C00B37CA8;
			remoteInfo = InstaStory;
		};
		5E8D312E2DE8893D00B37CA8 /* PBXContainerItemProxy */ = {
			isa = PBXContainerItemProxy;
			containerPortal = 5E8D310E2DE8893C00B37CA8 /* Project object */;
			proxyType = 1;
			remoteGlobalIDString = 5E8D31152DE8893C00B37CA8;
			remoteInfo = InstaStory;
		};
/* End PBXContainerItemProxy section */

/* Begin PBXFileReference section */
		5E8BB85C2DEA638A006BDFF3 /* MyPlayground.playground */ = {isa = PBXFileReference; lastKnownFileType = file.playground; name = MyPlayground.playground; path = ../MyPlayground.playground; sourceTree = SOURCE_ROOT; xcLanguageSpecificationIdentifier = xcode.lang.swift; };
		5E8D31162DE8893C00B37CA8 /* InstaTube.app */ = {isa = PBXFileReference; explicitFileType = wrapper.application; includeInIndex = 0; path = InstaTube.app; sourceTree = BUILT_PRODUCTS_DIR; };
		5E8D31232DE8893D00B37CA8 /* InstaTubeTests.xctest */ = {isa = PBXFileReference; explicitFileType = wrapper.cfbundle; includeInIndex = 0; path = InstaTubeTests.xctest; sourceTree = BUILT_PRODUCTS_DIR; };
		5E8D312D2DE8893D00B37CA8 /* InstaTubeUITests.xctest */ = {isa = PBXFileReference; explicitFileType = wrapper.cfbundle; includeInIndex = 0; path = InstaTubeUITests.xctest; sourceTree = BUILT_PRODUCTS_DIR; };
/* End PBXFileReference section */

/* Begin PBXFileSystemSynchronizedRootGroup section */
		5E8D31182DE8893C00B37CA8 /* InstaTube */ = {
			isa = PBXFileSystemSynchronizedRootGroup;
			path = InstaTube;
			sourceTree = "<group>";
		};
		5E8D31262DE8893D00B37CA8 /* InstaStoryTests */ = {
			isa = PBXFileSystemSynchronizedRootGroup;
			path = InstaStoryTests;
			sourceTree = "<group>";
		};
/* End PBXFileSystemSynchronizedRootGroup section */

/* Begin PBXFrameworksBuildPhase section */
		5E8D31132DE8893C00B37CA8 /* Frameworks */ = {
			isa = PBXFrameworksBuildPhase;
			buildActionMask = 2147483647;
			files = (
				5E8BB8552DEA3E9D006BDFF3 /* Injector in Frameworks */,
				5E8BB84D2DEA3E49006BDFF3 /* Injector in Frameworks */,
				5E8BB85B2DEA3F9A006BDFF3 /* NetworkService in Frameworks */,
				5E8BB8582DEA3F8A006BDFF3 /* Injector in Frameworks */,
				5E8D31892DE8AEE700B37CA8 /* Kingfisher in Frameworks */,
			);
			runOnlyForDeploymentPostprocessing = 0;
		};
		5E8D31202DE8893D00B37CA8 /* Frameworks */ = {
			isa = PBXFrameworksBuildPhase;
			buildActionMask = 2147483647;
			files = (
			);
			runOnlyForDeploymentPostprocessing = 0;
		};
		5E8D312A2DE8893D00B37CA8 /* Frameworks */ = {
			isa = PBXFrameworksBuildPhase;
			buildActionMask = 2147483647;
			files = (
			);
			runOnlyForDeploymentPostprocessing = 0;
		};
/* End PBXFrameworksBuildPhase section */

/* Begin PBXGroup section */
		5E8D310D2DE8893C00B37CA8 = {
			isa = PBXGroup;
			children = (
				5E8BB85C2DEA638A006BDFF3 /* MyPlayground.playground */,
				5E8D31182DE8893C00B37CA8 /* InstaTube */,
				5E8D31262DE8893D00B37CA8 /* InstaStoryTests */,
				5E8D31172DE8893C00B37CA8 /* Products */,
			);
			sourceTree = "<group>";
		};
		5E8D31172DE8893C00B37CA8 /* Products */ = {
			isa = PBXGroup;
			children = (
				5E8D31162DE8893C00B37CA8 /* InstaTube.app */,
				5E8D31232DE8893D00B37CA8 /* InstaTubeTests.xctest */,
				5E8D312D2DE8893D00B37CA8 /* InstaTubeUITests.xctest */,
			);
			name = Products;
			sourceTree = "<group>";
		};
/* End PBXGroup section */

/* Begin PBXNativeTarget section */
		5E8D31152DE8893C00B37CA8 /* InstaTube */ = {
			isa = PBXNativeTarget;
			buildConfigurationList = 5E8D31372DE8893D00B37CA8 /* Build configuration list for PBXNativeTarget "InstaTube" */;
			buildPhases = (
				5E8D31122DE8893C00B37CA8 /* Sources */,
				5E8D31132DE8893C00B37CA8 /* Frameworks */,
				5E8D31142DE8893C00B37CA8 /* Resources */,
			);
			buildRules = (
			);
			dependencies = (
			);
			fileSystemSynchronizedGroups = (
				5E8D31182DE8893C00B37CA8 /* InstaTube */,
			);
			name = InstaTube;
			packageProductDependencies = (
				5E8D31882DE8AEE700B37CA8 /* Kingfisher */,
				5E8BB84C2DEA3E49006BDFF3 /* Injector */,
				5E8BB8542DEA3E9D006BDFF3 /* Injector */,
				5E8BB8572DEA3F8A006BDFF3 /* Injector */,
				5E8BB85A2DEA3F9A006BDFF3 /* NetworkService */,
			);
			productName = InstaStory;
			productReference = 5E8D31162DE8893C00B37CA8 /* InstaTube.app */;
			productType = "com.apple.product-type.application";
		};
		5E8D31222DE8893D00B37CA8 /* InstaTubeTests */ = {
			isa = PBXNativeTarget;
			buildConfigurationList = 5E8D313A2DE8893D00B37CA8 /* Build configuration list for PBXNativeTarget "InstaTubeTests" */;
			buildPhases = (
				5E8D311F2DE8893D00B37CA8 /* Sources */,
				5E8D31202DE8893D00B37CA8 /* Frameworks */,
				5E8D31212DE8893D00B37CA8 /* Resources */,
			);
			buildRules = (
			);
			dependencies = (
				5E8D31252DE8893D00B37CA8 /* PBXTargetDependency */,
			);
			fileSystemSynchronizedGroups = (
				5E8D31262DE8893D00B37CA8 /* InstaStoryTests */,
			);
			name = InstaTubeTests;
			packageProductDependencies = (
			);
			productName = InstaStoryTests;
			productReference = 5E8D31232DE8893D00B37CA8 /* InstaTubeTests.xctest */;
			productType = "com.apple.product-type.bundle.unit-test";
		};
		5E8D312C2DE8893D00B37CA8 /* InstaTubeUITests */ = {
			isa = PBXNativeTarget;
			buildConfigurationList = 5E8D313D2DE8893D00B37CA8 /* Build configuration list for PBXNativeTarget "InstaTubeUITests" */;
			buildPhases = (
				5E8D31292DE8893D00B37CA8 /* Sources */,
				5E8D312A2DE8893D00B37CA8 /* Frameworks */,
				5E8D312B2DE8893D00B37CA8 /* Resources */,
			);
			buildRules = (
			);
			dependencies = (
				5E8D312F2DE8893D00B37CA8 /* PBXTargetDependency */,
			);
			name = InstaTubeUITests;
			packageProductDependencies = (
			);
			productName = InstaStoryUITests;
			productReference = 5E8D312D2DE8893D00B37CA8 /* InstaTubeUITests.xctest */;
			productType = "com.apple.product-type.bundle.ui-testing";
		};
/* End PBXNativeTarget section */

/* Begin PBXProject section */
		5E8D310E2DE8893C00B37CA8 /* Project object */ = {
			isa = PBXProject;
			attributes = {
				BuildIndependentTargetsInParallel = 1;
				LastSwiftUpdateCheck = 1630;
				LastUpgradeCheck = 1630;
				TargetAttributes = {
					5E8D31152DE8893C00B37CA8 = {
						CreatedOnToolsVersion = 16.3;
					};
					5E8D31222DE8893D00B37CA8 = {
						CreatedOnToolsVersion = 16.3;
						TestTargetID = 5E8D31152DE8893C00B37CA8;
					};
					5E8D312C2DE8893D00B37CA8 = {
						CreatedOnToolsVersion = 16.3;
						TestTargetID = 5E8D31152DE8893C00B37CA8;
					};
				};
			};
			buildConfigurationList = 5E8D31112DE8893C00B37CA8 /* Build configuration list for PBXProject "InstaTube" */;
			developmentRegion = en;
			hasScannedForEncodings = 0;
			knownRegions = (
				en,
				Base,
			);
			mainGroup = 5E8D310D2DE8893C00B37CA8;
			minimizedProjectReferenceProxies = 1;
			packageReferences = (
				5E8D31872DE8AEE700B37CA8 /* XCRemoteSwiftPackageReference "Kingfisher" */,
				5E8BB8562DEA3F8A006BDFF3 /* XCLocalSwiftPackageReference "Packages/Injector" */,
				5E8BB8592DEA3F9A006BDFF3 /* XCLocalSwiftPackageReference "Packages/NetworkService" */,
			);
			preferredProjectObjectVersion = 77;
			productRefGroup = 5E8D31172DE8893C00B37CA8 /* Products */;
			projectDirPath = "";
			projectRoot = "";
			targets = (
				5E8D31152DE8893C00B37CA8 /* InstaTube */,
				5E8D31222DE8893D00B37CA8 /* InstaTubeTests */,
				5E8D312C2DE8893D00B37CA8 /* InstaTubeUITests */,
			);
		};
/* End PBXProject section */

/* Begin PBXResourcesBuildPhase section */
		5E8D31142DE8893C00B37CA8 /* Resources */ = {
			isa = PBXResourcesBuildPhase;
			buildActionMask = 2147483647;
			files = (
			);
			runOnlyForDeploymentPostprocessing = 0;
		};
		5E8D31212DE8893D00B37CA8 /* Resources */ = {
			isa = PBXResourcesBuildPhase;
			buildActionMask = 2147483647;
			files = (
			);
			runOnlyForDeploymentPostprocessing = 0;
		};
		5E8D312B2DE8893D00B37CA8 /* Resources */ = {
			isa = PBXResourcesBuildPhase;
			buildActionMask = 2147483647;
			files = (
			);
			runOnlyForDeploymentPostprocessing = 0;
		};
/* End PBXResourcesBuildPhase section */

/* Begin PBXSourcesBuildPhase section */
		5E8D31122DE8893C00B37CA8 /* Sources */ = {
			isa = PBXSourcesBuildPhase;
			buildActionMask = 2147483647;
			files = (
			);
			runOnlyForDeploymentPostprocessing = 0;
		};
		5E8D311F2DE8893D00B37CA8 /* Sources */ = {
			isa = PBXSourcesBuildPhase;
			buildActionMask = 2147483647;
			files = (
			);
			runOnlyForDeploymentPostprocessing = 0;
		};
		5E8D31292DE8893D00B37CA8 /* Sources */ = {
			isa = PBXSourcesBuildPhase;
			buildActionMask = 2147483647;
			files = (
			);
			runOnlyForDeploymentPostprocessing = 0;
		};
/* End PBXSourcesBuildPhase section */

/* Begin PBXTargetDependency section */
		5E8D31252DE8893D00B37CA8 /* PBXTargetDependency */ = {
			isa = PBXTargetDependency;
			target = 5E8D31152DE8893C00B37CA8 /* InstaTube */;
			targetProxy = 5E8D31242DE8893D00B37CA8 /* PBXContainerItemProxy */;
		};
		5E8D312F2DE8893D00B37CA8 /* PBXTargetDependency */ = {
			isa = PBXTargetDependency;
			target = 5E8D31152DE8893C00B37CA8 /* InstaTube */;
			targetProxy = 5E8D312E2DE8893D00B37CA8 /* PBXContainerItemProxy */;
		};
/* End PBXTargetDependency section */

/* Begin XCBuildConfiguration section */
		5E8D31352DE8893D00B37CA8 /* Debug */ = {
			isa = XCBuildConfiguration;
			buildSettings = {
				ALWAYS_SEARCH_USER_PATHS = NO;
				ASSETCATALOG_COMPILER_GENERATE_SWIFT_ASSET_SYMBOL_EXTENSIONS = YES;
				CLANG_ANALYZER_NONNULL = YES;
				CLANG_ANALYZER_NUMBER_OBJECT_CONVERSION = YES_AGGRESSIVE;
				CLANG_CXX_LANGUAGE_STANDARD = "gnu++20";
				CLANG_ENABLE_MODULES = YES;
				CLANG_ENABLE_OBJC_ARC = YES;
				CLANG_ENABLE_OBJC_WEAK = YES;
				CLANG_WARN_BLOCK_CAPTURE_AUTORELEASING = YES;
				CLANG_WARN_BOOL_CONVERSION = YES;
				CLANG_WARN_COMMA = YES;
				CLANG_WARN_CONSTANT_CONVERSION = YES;
				CLANG_WARN_DEPRECATED_OBJC_IMPLEMENTATIONS = YES;
				CLANG_WARN_DIRECT_OBJC_ISA_USAGE = YES_ERROR;
				CLANG_WARN_DOCUMENTATION_COMMENTS = YES;
				CLANG_WARN_EMPTY_BODY = YES;
				CLANG_WARN_ENUM_CONVERSION = YES;
				CLANG_WARN_INFINITE_RECURSION = YES;
				CLANG_WARN_INT_CONVERSION = YES;
				CLANG_WARN_NON_LITERAL_NULL_CONVERSION = YES;
				CLANG_WARN_OBJC_IMPLICIT_RETAIN_SELF = YES;
				CLANG_WARN_OBJC_LITERAL_CONVERSION = YES;
				CLANG_WARN_OBJC_ROOT_CLASS = YES_ERROR;
				CLANG_WARN_QUOTED_INCLUDE_IN_FRAMEWORK_HEADER = YES;
				CLANG_WARN_RANGE_LOOP_ANALYSIS = YES;
				CLANG_WARN_STRICT_PROTOTYPES = YES;
				CLANG_WARN_SUSPICIOUS_MOVE = YES;
				CLANG_WARN_UNGUARDED_AVAILABILITY = YES_AGGRESSIVE;
				CLANG_WARN_UNREACHABLE_CODE = YES;
				CLANG_WARN__DUPLICATE_METHOD_MATCH = YES;
				COPY_PHASE_STRIP = NO;
				DEBUG_INFORMATION_FORMAT = dwarf;
				ENABLE_STRICT_OBJC_MSGSEND = YES;
				ENABLE_TESTABILITY = YES;
				ENABLE_USER_SCRIPT_SANDBOXING = YES;
				GCC_C_LANGUAGE_STANDARD = gnu17;
				GCC_DYNAMIC_NO_PIC = NO;
				GCC_NO_COMMON_BLOCKS = YES;
				GCC_OPTIMIZATION_LEVEL = 0;
				GCC_PREPROCESSOR_DEFINITIONS = (
					"DEBUG=1",
					"$(inherited)",
				);
				GCC_WARN_64_TO_32_BIT_CONVERSION = YES;
				GCC_WARN_ABOUT_RETURN_TYPE = YES_ERROR;
				GCC_WARN_UNDECLARED_SELECTOR = YES;
				GCC_WARN_UNINITIALIZED_AUTOS = YES_AGGRESSIVE;
				GCC_WARN_UNUSED_FUNCTION = YES;
				GCC_WARN_UNUSED_VARIABLE = YES;
				IPHONEOS_DEPLOYMENT_TARGET = 18.4;
				LOCALIZATION_PREFERS_STRING_CATALOGS = YES;
				MTL_ENABLE_DEBUG_INFO = INCLUDE_SOURCE;
				MTL_FAST_MATH = YES;
				ONLY_ACTIVE_ARCH = YES;
				SDKROOT = iphoneos;
				SWIFT_ACTIVE_COMPILATION_CONDITIONS = "DEBUG $(inherited)";
				SWIFT_OPTIMIZATION_LEVEL = "-Onone";
			};
			name = Debug;
		};
		5E8D31362DE8893D00B37CA8 /* Release */ = {
			isa = XCBuildConfiguration;
			buildSettings = {
				ALWAYS_SEARCH_USER_PATHS = NO;
				ASSETCATALOG_COMPILER_GENERATE_SWIFT_ASSET_SYMBOL_EXTENSIONS = YES;
				CLANG_ANALYZER_NONNULL = YES;
				CLANG_ANALYZER_NUMBER_OBJECT_CONVERSION = YES_AGGRESSIVE;
				CLANG_CXX_LANGUAGE_STANDARD = "gnu++20";
				CLANG_ENABLE_MODULES = YES;
				CLANG_ENABLE_OBJC_ARC = YES;
				CLANG_ENABLE_OBJC_WEAK = YES;
				CLANG_WARN_BLOCK_CAPTURE_AUTORELEASING = YES;
				CLANG_WARN_BOOL_CONVERSION = YES;
				CLANG_WARN_COMMA = YES;
				CLANG_WARN_CONSTANT_CONVERSION = YES;
				CLANG_WARN_DEPRECATED_OBJC_IMPLEMENTATIONS = YES;
				CLANG_WARN_DIRECT_OBJC_ISA_USAGE = YES_ERROR;
				CLANG_WARN_DOCUMENTATION_COMMENTS = YES;
				CLANG_WARN_EMPTY_BODY = YES;
				CLANG_WARN_ENUM_CONVERSION = YES;
				CLANG_WARN_INFINITE_RECURSION = YES;
				CLANG_WARN_INT_CONVERSION = YES;
				CLANG_WARN_NON_LITERAL_NULL_CONVERSION = YES;
				CLANG_WARN_OBJC_IMPLICIT_RETAIN_SELF = YES;
				CLANG_WARN_OBJC_LITERAL_CONVERSION = YES;
				CLANG_WARN_OBJC_ROOT_CLASS = YES_ERROR;
				CLANG_WARN_QUOTED_INCLUDE_IN_FRAMEWORK_HEADER = YES;
				CLANG_WARN_RANGE_LOOP_ANALYSIS = YES;
				CLANG_WARN_STRICT_PROTOTYPES = YES;
				CLANG_WARN_SUSPICIOUS_MOVE = YES;
				CLANG_WARN_UNGUARDED_AVAILABILITY = YES_AGGRESSIVE;
				CLANG_WARN_UNREACHABLE_CODE = YES;
				CLANG_WARN__DUPLICATE_METHOD_MATCH = YES;
				COPY_PHASE_STRIP = NO;
				DEBUG_INFORMATION_FORMAT = "dwarf-with-dsym";
				ENABLE_NS_ASSERTIONS = NO;
				ENABLE_STRICT_OBJC_MSGSEND = YES;
				ENABLE_USER_SCRIPT_SANDBOXING = YES;
				GCC_C_LANGUAGE_STANDARD = gnu17;
				GCC_NO_COMMON_BLOCKS = YES;
				GCC_WARN_64_TO_32_BIT_CONVERSION = YES;
				GCC_WARN_ABOUT_RETURN_TYPE = YES_ERROR;
				GCC_WARN_UNDECLARED_SELECTOR = YES;
				GCC_WARN_UNINITIALIZED_AUTOS = YES_AGGRESSIVE;
				GCC_WARN_UNUSED_FUNCTION = YES;
				GCC_WARN_UNUSED_VARIABLE = YES;
				IPHONEOS_DEPLOYMENT_TARGET = 18.4;
				LOCALIZATION_PREFERS_STRING_CATALOGS = YES;
				MTL_ENABLE_DEBUG_INFO = NO;
				MTL_FAST_MATH = YES;
				SDKROOT = iphoneos;
				SWIFT_COMPILATION_MODE = wholemodule;
				VALIDATE_PRODUCT = YES;
			};
			name = Release;
		};
		5E8D31382DE8893D00B37CA8 /* Debug */ = {
			isa = XCBuildConfiguration;
			buildSettings = {
				ASSETCATALOG_COMPILER_APPICON_NAME = AppIcon;
				ASSETCATALOG_COMPILER_GLOBAL_ACCENT_COLOR_NAME = AccentColor;
				CODE_SIGN_IDENTITY = "Apple Development";
				CODE_SIGN_STYLE = Automatic;
				CURRENT_PROJECT_VERSION = 1;
				DEVELOPMENT_TEAM = 3GM74G8X25;
				ENABLE_PREVIEWS = YES;
				GENERATE_INFOPLIST_FILE = YES;
				INFOPLIST_KEY_UIApplicationSceneManifest_Generation = YES;
				INFOPLIST_KEY_UIApplicationSupportsIndirectInputEvents = YES;
				INFOPLIST_KEY_UILaunchScreen_Generation = YES;
				INFOPLIST_KEY_UISupportedInterfaceOrientations_iPad = "UIInterfaceOrientationPortrait UIInterfaceOrientationPortraitUpsideDown UIInterfaceOrientationLandscapeLeft UIInterfaceOrientationLandscapeRight";
				INFOPLIST_KEY_UISupportedInterfaceOrientations_iPhone = "UIInterfaceOrientationPortrait UIInterfaceOrientationLandscapeLeft UIInterfaceOrientationLandscapeRight";
				LD_RUNPATH_SEARCH_PATHS = (
					"$(inherited)",
					"@executable_path/Frameworks",
				);
				MARKETING_VERSION = 1.0;
				PRODUCT_BUNDLE_IDENTIFIER = com.nassim.InstaTube;
				PRODUCT_NAME = "$(TARGET_NAME)";
				PROVISIONING_PROFILE_SPECIFIER = "";
				SWIFT_EMIT_LOC_STRINGS = YES;
				SWIFT_VERSION = 5.0;
				TARGETED_DEVICE_FAMILY = "1,2";
			};
			name = Debug;
		};
		5E8D31392DE8893D00B37CA8 /* Release */ = {
			isa = XCBuildConfiguration;
			buildSettings = {
				ASSETCATALOG_COMPILER_APPICON_NAME = AppIcon;
				ASSETCATALOG_COMPILER_GLOBAL_ACCENT_COLOR_NAME = AccentColor;
				CODE_SIGN_IDENTITY = "Apple Development";
				CODE_SIGN_STYLE = Automatic;
				CURRENT_PROJECT_VERSION = 1;
				DEVELOPMENT_TEAM = 3GM74G8X25;
				ENABLE_PREVIEWS = YES;
				GENERATE_INFOPLIST_FILE = YES;
				INFOPLIST_KEY_UIApplicationSceneManifest_Generation = YES;
				INFOPLIST_KEY_UIApplicationSupportsIndirectInputEvents = YES;
				INFOPLIST_KEY_UILaunchScreen_Generation = YES;
				INFOPLIST_KEY_UISupportedInterfaceOrientations_iPad = "UIInterfaceOrientationPortrait UIInterfaceOrientationPortraitUpsideDown UIInterfaceOrientationLandscapeLeft UIInterfaceOrientationLandscapeRight";
				INFOPLIST_KEY_UISupportedInterfaceOrientations_iPhone = "UIInterfaceOrientationPortrait UIInterfaceOrientationLandscapeLeft UIInterfaceOrientationLandscapeRight";
				LD_RUNPATH_SEARCH_PATHS = (
					"$(inherited)",
					"@executable_path/Frameworks",
				);
				MARKETING_VERSION = 1.0;
				PRODUCT_BUNDLE_IDENTIFIER = com.nassim.InstaTube;
				PRODUCT_NAME = "$(TARGET_NAME)";
				PROVISIONING_PROFILE_SPECIFIER = "";
				SWIFT_EMIT_LOC_STRINGS = YES;
				SWIFT_VERSION = 5.0;
				TARGETED_DEVICE_FAMILY = "1,2";
			};
			name = Release;
		};
		5E8D313B2DE8893D00B37CA8 /* Debug */ = {
			isa = XCBuildConfiguration;
			buildSettings = {
				BUNDLE_LOADER = "$(TEST_HOST)";
				CODE_SIGN_STYLE = Automatic;
				CURRENT_PROJECT_VERSION = 1;
				GENERATE_INFOPLIST_FILE = YES;
				IPHONEOS_DEPLOYMENT_TARGET = 18.4;
				MARKETING_VERSION = 1.0;
				PRODUCT_BUNDLE_IDENTIFIER = com.nassim.InstaStoryTests;
				PRODUCT_NAME = "$(TARGET_NAME)";
				SWIFT_EMIT_LOC_STRINGS = NO;
				SWIFT_VERSION = 5.0;
				TARGETED_DEVICE_FAMILY = "1,2";
				TEST_HOST = "$(BUILT_PRODUCTS_DIR)/InstaTube.app/$(BUNDLE_EXECUTABLE_FOLDER_PATH)/InstaTube";
			};
			name = Debug;
		};
		5E8D313C2DE8893D00B37CA8 /* Release */ = {
			isa = XCBuildConfiguration;
			buildSettings = {
				BUNDLE_LOADER = "$(TEST_HOST)";
				CODE_SIGN_STYLE = Automatic;
				CURRENT_PROJECT_VERSION = 1;
				GENERATE_INFOPLIST_FILE = YES;
				IPHONEOS_DEPLOYMENT_TARGET = 18.4;
				MARKETING_VERSION = 1.0;
				PRODUCT_BUNDLE_IDENTIFIER = com.nassim.InstaStoryTests;
				PRODUCT_NAME = "$(TARGET_NAME)";
				SWIFT_EMIT_LOC_STRINGS = NO;
				SWIFT_VERSION = 5.0;
				TARGETED_DEVICE_FAMILY = "1,2";
				TEST_HOST = "$(BUILT_PRODUCTS_DIR)/InstaTube.app/$(BUNDLE_EXECUTABLE_FOLDER_PATH)/InstaTube";
			};
			name = Release;
		};
		5E8D313E2DE8893D00B37CA8 /* Debug */ = {
			isa = XCBuildConfiguration;
			buildSettings = {
				CODE_SIGN_STYLE = Automatic;
				CURRENT_PROJECT_VERSION = 1;
				GENERATE_INFOPLIST_FILE = YES;
				MARKETING_VERSION = 1.0;
				PRODUCT_BUNDLE_IDENTIFIER = com.nassim.InstaStoryUITests;
				PRODUCT_NAME = "$(TARGET_NAME)";
				SWIFT_EMIT_LOC_STRINGS = NO;
				SWIFT_VERSION = 5.0;
				TARGETED_DEVICE_FAMILY = "1,2";
				TEST_TARGET_NAME = InstaStory;
			};
			name = Debug;
		};
		5E8D313F2DE8893D00B37CA8 /* Release */ = {
			isa = XCBuildConfiguration;
			buildSettings = {
				CODE_SIGN_STYLE = Automatic;
				CURRENT_PROJECT_VERSION = 1;
				GENERATE_INFOPLIST_FILE = YES;
				MARKETING_VERSION = 1.0;
				PRODUCT_BUNDLE_IDENTIFIER = com.nassim.InstaStoryUITests;
				PRODUCT_NAME = "$(TARGET_NAME)";
				SWIFT_EMIT_LOC_STRINGS = NO;
				SWIFT_VERSION = 5.0;
				TARGETED_DEVICE_FAMILY = "1,2";
				TEST_TARGET_NAME = InstaStory;
			};
			name = Release;
		};
/* End XCBuildConfiguration section */

/* Begin XCConfigurationList section */
		5E8D31112DE8893C00B37CA8 /* Build configuration list for PBXProject "InstaTube" */ = {
			isa = XCConfigurationList;
			buildConfigurations = (
				5E8D31352DE8893D00B37CA8 /* Debug */,
				5E8D31362DE8893D00B37CA8 /* Release */,
			);
			defaultConfigurationIsVisible = 0;
			defaultConfigurationName = Release;
		};
		5E8D31372DE8893D00B37CA8 /* Build configuration list for PBXNativeTarget "InstaTube" */ = {
			isa = XCConfigurationList;
			buildConfigurations = (
				5E8D31382DE8893D00B37CA8 /* Debug */,
				5E8D31392DE8893D00B37CA8 /* Release */,
			);
			defaultConfigurationIsVisible = 0;
			defaultConfigurationName = Release;
		};
		5E8D313A2DE8893D00B37CA8 /* Build configuration list for PBXNativeTarget "InstaTubeTests" */ = {
			isa = XCConfigurationList;
			buildConfigurations = (
				5E8D313B2DE8893D00B37CA8 /* Debug */,
				5E8D313C2DE8893D00B37CA8 /* Release */,
			);
			defaultConfigurationIsVisible = 0;
			defaultConfigurationName = Release;
		};
		5E8D313D2DE8893D00B37CA8 /* Build configuration list for PBXNativeTarget "InstaTubeUITests" */ = {
			isa = XCConfigurationList;
			buildConfigurations = (
				5E8D313E2DE8893D00B37CA8 /* Debug */,
				5E8D313F2DE8893D00B37CA8 /* Release */,
			);
			defaultConfigurationIsVisible = 0;
			defaultConfigurationName = Release;
		};
/* End XCConfigurationList section */

/* Begin XCLocalSwiftPackageReference section */
		5E8BB8562DEA3F8A006BDFF3 /* XCLocalSwiftPackageReference "Packages/Injector" */ = {
			isa = XCLocalSwiftPackageReference;
			relativePath = Packages/Injector;
		};
		5E8BB8592DEA3F9A006BDFF3 /* XCLocalSwiftPackageReference "Packages/NetworkService" */ = {
			isa = XCLocalSwiftPackageReference;
			relativePath = Packages/NetworkService;
		};
/* End XCLocalSwiftPackageReference section */

/* Begin XCRemoteSwiftPackageReference section */
		5E8D31872DE8AEE700B37CA8 /* XCRemoteSwiftPackageReference "Kingfisher" */ = {
			isa = XCRemoteSwiftPackageReference;
			repositoryURL = "https://github.com/onevcat/Kingfisher.git";
			requirement = {
				kind = upToNextMajorVersion;
				minimumVersion = 8.3.2;
			};
		};
/* End XCRemoteSwiftPackageReference section */

/* Begin XCSwiftPackageProductDependency section */
		5E8BB84C2DEA3E49006BDFF3 /* Injector */ = {
			isa = XCSwiftPackageProductDependency;
			productName = Injector;
		};
		5E8BB8542DEA3E9D006BDFF3 /* Injector */ = {
			isa = XCSwiftPackageProductDependency;
			productName = Injector;
		};
		5E8BB8572DEA3F8A006BDFF3 /* Injector */ = {
			isa = XCSwiftPackageProductDependency;
			productName = Injector;
		};
		5E8BB85A2DEA3F9A006BDFF3 /* NetworkService */ = {
			isa = XCSwiftPackageProductDependency;
			productName = NetworkService;
		};
		5E8D31882DE8AEE700B37CA8 /* Kingfisher */ = {
			isa = XCSwiftPackageProductDependency;
			package = 5E8D31872DE8AEE700B37CA8 /* XCRemoteSwiftPackageReference "Kingfisher" */;
			productName = Kingfisher;
		};
/* End XCSwiftPackageProductDependency section */
	};
	rootObject = 5E8D310E2DE8893C00B37CA8 /* Project object */;
}
